{
  "requires": true,
  "lockfileVersion": 1,
  "dependencies": {
    "@bachdgvn/vue-otp-input": {
      "version": "1.0.8",
      "resolved": "https://registry.npmjs.org/@bachdgvn/vue-otp-input/-/vue-otp-input-1.0.8.tgz",
      "integrity": "sha512-yZJD3ONjwEfwrgvP1M+aMYK8VirMzsU4mUihz0SQokda4KX7zFPiWMUP0JNYvpomkrhLMXvFQaA+DsTmrfHSUg==",
      "requires": {
        "vue": "^2.5.22"
      }
    },
    "vue": {
      "version": "2.6.12",
      "resolved": "https://registry.npmjs.org/vue/-/vue-2.6.12.tgz",
      "integrity": "sha512-uhmLFETqPPNyuLLbsKz6ioJ4q7AZHzD8ZVFNATNyICSZouqP2Sz0rotWQC8UNBF6VGSCs5abnKJoStA6JbCbfg=="
    }
  }
}
